
Microsoft Visual Studio Solution File, Format Version 12.00
# Visual Studio 14
VisualStudioVersion = 14.0.25123.0
MinimumVisualStudioVersion = 10.0.40219.1
Project("{FAE04EC0-301F-11D3-BF4B-00C04F79EFBC}") = "PG.Console", "PG.Console\PG.Console.csproj", "{091C9799-177F-4A77-A2B1-67F2AD94BBC5}"
EndProject
Project("{FAE04EC0-301F-11D3-BF4B-00C04F79EFBC}") = "PG.Pages", "PG.Pages\PG.Pages.csproj", "{1449C880-7E2D-4D67-A840-9B0B6D1C671B}"
EndProject
Project("{FAE04EC0-301F-11D3-BF4B-00C04F79EFBC}") = "PG.Pages.Test", "PG.Pages.Test\PG.Pages.Test.csproj", "{AA0A7CEE-6FB8-453C-857D-68E43EFBDE33}"
EndProject
Project("{FAE04EC0-301F-11D3-BF4B-00C04F79EFBC}") = "PG.Sort", "PG.Sort\PG.Sort.csproj", "{28947486-3C38-40CA-B719-BC8BB0ADEBD8}"
EndProject
Project("{FAE04EC0-301F-11D3-BF4B-00C04F79EFBC}") = "PG.Sort.Test", "PG.Sort.Test\PG.Sort.Test.csproj", "{EAFCE68B-B0E5-47EE-9907-D18778E948D5}"
EndProject
Project("{FAE04EC0-301F-11D3-BF4B-00C04F79EFBC}") = "PG.BT", "PG.BT\PG.BT.csproj", "{136C861D-0758-4A52-9A58-7C88695B3585}"
EndProject
Global
	GlobalSection(SolutionConfigurationPlatforms) = preSolution
		Debug|Any CPU = Debug|Any CPU
		Release|Any CPU = Release|Any CPU
	EndGlobalSection
	GlobalSection(ProjectConfigurationPlatforms) = postSolution
		{091C9799-177F-4A77-A2B1-67F2AD94BBC5}.Debug|Any CPU.ActiveCfg = Debug|Any CPU
		{091C9799-177F-4A77-A2B1-67F2AD94BBC5}.Debug|Any CPU.Build.0 = Debug|Any CPU
		{091C9799-177F-4A77-A2B1-67F2AD94BBC5}.Release|Any CPU.ActiveCfg = Release|Any CPU
		{091C9799-177F-4A77-A2B1-67F2AD94BBC5}.Release|Any CPU.Build.0 = Release|Any CPU
		{1449C880-7E2D-4D67-A840-9B0B6D1C671B}.Debug|Any CPU.ActiveCfg = Debug|Any CPU
		{1449C880-7E2D-4D67-A840-9B0B6D1C671B}.Debug|Any CPU.Build.0 = Debug|Any CPU
		{1449C880-7E2D-4D67-A840-9B0B6D1C671B}.Release|Any CPU.ActiveCfg = Release|Any CPU
		{1449C880-7E2D-4D67-A840-9B0B6D1C671B}.Release|Any CPU.Build.0 = Release|Any CPU
		{AA0A7CEE-6FB8-453C-857D-68E43EFBDE33}.Debug|Any CPU.ActiveCfg = Debug|Any CPU
		{AA0A7CEE-6FB8-453C-857D-68E43EFBDE33}.Debug|Any CPU.Build.0 = Debug|Any CPU
		{AA0A7CEE-6FB8-453C-857D-68E43EFBDE33}.Release|Any CPU.ActiveCfg = Release|Any CPU
		{AA0A7CEE-6FB8-453C-857D-68E43EFBDE33}.Release|Any CPU.Build.0 = Release|Any CPU
		{28947486-3C38-40CA-B719-BC8BB0ADEBD8}.Debug|Any CPU.ActiveCfg = Debug|Any CPU
		{28947486-3C38-40CA-B719-BC8BB0ADEBD8}.Debug|Any CPU.Build.0 = Debug|Any CPU
		{28947486-3C38-40CA-B719-BC8BB0ADEBD8}.Release|Any CPU.ActiveCfg = Release|Any CPU
		{28947486-3C38-40CA-B719-BC8BB0ADEBD8}.Release|Any CPU.Build.0 = Release|Any CPU
		{EAFCE68B-B0E5-47EE-9907-D18778E948D5}.Debug|Any CPU.ActiveCfg = Debug|Any CPU
		{EAFCE68B-B0E5-47EE-9907-D18778E948D5}.Debug|Any CPU.Build.0 = Debug|Any CPU
		{EAFCE68B-B0E5-47EE-9907-D18778E948D5}.Release|Any CPU.ActiveCfg = Release|Any CPU
		{EAFCE68B-B0E5-47EE-9907-D18778E948D5}.Release|Any CPU.Build.0 = Release|Any CPU
		{136C861D-0758-4A52-9A58-7C88695B3585}.Debug|Any CPU.ActiveCfg = Debug|Any CPU
		{136C861D-0758-4A52-9A58-7C88695B3585}.Debug|Any CPU.Build.0 = Debug|Any CPU
		{136C861D-0758-4A52-9A58-7C88695B3585}.Release|Any CPU.ActiveCfg = Release|Any CPU
		{136C861D-0758-4A52-9A58-7C88695B3585}.Release|Any CPU.Build.0 = Release|Any CPU
	EndGlobalSection
	GlobalSection(SolutionProperties) = preSolution
		HideSolutionNode = FALSE
	EndGlobalSection
EndGlobal
