
Microsoft Visual Studio Solution File, Format Version 12.00
# Visual Studio 14
VisualStudioVersion = 14.0.25123.0
MinimumVisualStudioVersion = 10.0.40219.1
Project("{FAE04EC0-301F-11D3-BF4B-00C04F79EFBC}") = "PG.Console", "PG.Console\PG.Console.csproj", "{091C9799-177F-4A77-A2B1-67F2AD94BBC5}"
EndProject
Project("{FAE04EC0-301F-11D3-BF4B-00C04F79EFBC}") = "PG.Pages", "PG.Pages\PG.Pages.csproj", "{1449C880-7E2D-4D67-A840-9B0B6D1C671B}"
EndProject
Project("{FAE04EC0-301F-11D3-BF4B-00C04F79EFBC}") = "PG.Pages.Test", "PG.Pages.Test\PG.Pages.Test.csproj", "{AA0A7CEE-6FB8-453C-857D-68E43EFBDE33}"
EndProject
Project("{FAE04EC0-301F-11D3-BF4B-00C04F79EFBC}") = "PG.Sort", "PG.Sort\PG.Sort.csproj", "{28947486-3C38-40CA-B719-BC8BB0ADEBD8}"
EndProject
Project("{FAE04EC0-301F-11D3-BF4B-00C04F79EFBC}") = "PG.Sort.Test", "PG.Sort.Test\PG.Sort.Test.csproj", "{EAFCE68B-B0E5-47EE-9907-D18778E948D5}"
EndProject
Project("{FAE04EC0-301F-11D3-BF4B-00C04F79EFBC}") = "PG.BT", "PG.BT\PG.BT.csproj", "{136C861D-0758-4A52-9A58-7C88695B3585}"
EndProject
Project("{FAE04EC0-301F-11D3-BF4B-00C04F79EFBC}") = "PG.BT.Tests", "PG.BT.Tests\PG.BT.Tests.csproj", "{A83F57B1-446A-4B03-8D54-C5DC0A32285C}"
EndProject
Project("{FAE04EC0-301F-11D3-BF4B-00C04F79EFBC}") = "PG.LL", "PG.LL\PG.LL.csproj", "{F7025C14-3CB7-46B8-A552-B578E59D9AFD}"
EndProject
Project("{FAE04EC0-301F-11D3-BF4B-00C04F79EFBC}") = "PG.LL.Tests", "PG.LL.Tests\PG.LL.Tests.csproj", "{8810B054-5227-450A-AF3C-122563C09E72}"
EndProject
Project("{FAE04EC0-301F-11D3-BF4B-00C04F79EFBC}") = "PG.Search", "PG.Search\PG.Search.csproj", "{E5A761BF-3578-4F30-B2AB-0B3DE4374C24}"
EndProject
Project("{FAE04EC0-301F-11D3-BF4B-00C04F79EFBC}") = "PG.Search.Tests", "PG.Search.Tests\PG.Search.Tests.csproj", "{57B20BC3-2372-4F31-8E85-7721C9937378}"
EndProject
Project("{FAE04EC0-301F-11D3-BF4B-00C04F79EFBC}") = "PG.DP", "ClassLibrary1\PG.DP.csproj", "{BB0CA257-0359-4572-B496-D87D1BC34539}"
EndProject
Project("{FAE04EC0-301F-11D3-BF4B-00C04F79EFBC}") = "PG.DP.Tests", "PG.DP.Tests\PG.DP.Tests.csproj", "{CA4DBED2-2455-40A9-A2F2-03639A08C964}"
EndProject
Global
	GlobalSection(SolutionConfigurationPlatforms) = preSolution
		Debug|Any CPU = Debug|Any CPU
		Release|Any CPU = Release|Any CPU
	EndGlobalSection
	GlobalSection(ProjectConfigurationPlatforms) = postSolution
		{091C9799-177F-4A77-A2B1-67F2AD94BBC5}.Debug|Any CPU.ActiveCfg = Debug|Any CPU
		{091C9799-177F-4A77-A2B1-67F2AD94BBC5}.Debug|Any CPU.Build.0 = Debug|Any CPU
		{091C9799-177F-4A77-A2B1-67F2AD94BBC5}.Release|Any CPU.ActiveCfg = Release|Any CPU
		{091C9799-177F-4A77-A2B1-67F2AD94BBC5}.Release|Any CPU.Build.0 = Release|Any CPU
		{1449C880-7E2D-4D67-A840-9B0B6D1C671B}.Debug|Any CPU.ActiveCfg = Debug|Any CPU
		{1449C880-7E2D-4D67-A840-9B0B6D1C671B}.Debug|Any CPU.Build.0 = Debug|Any CPU
		{1449C880-7E2D-4D67-A840-9B0B6D1C671B}.Release|Any CPU.ActiveCfg = Release|Any CPU
		{1449C880-7E2D-4D67-A840-9B0B6D1C671B}.Release|Any CPU.Build.0 = Release|Any CPU
		{AA0A7CEE-6FB8-453C-857D-68E43EFBDE33}.Debug|Any CPU.ActiveCfg = Debug|Any CPU
		{AA0A7CEE-6FB8-453C-857D-68E43EFBDE33}.Debug|Any CPU.Build.0 = Debug|Any CPU
		{AA0A7CEE-6FB8-453C-857D-68E43EFBDE33}.Release|Any CPU.ActiveCfg = Release|Any CPU
		{AA0A7CEE-6FB8-453C-857D-68E43EFBDE33}.Release|Any CPU.Build.0 = Release|Any CPU
		{28947486-3C38-40CA-B719-BC8BB0ADEBD8}.Debug|Any CPU.ActiveCfg = Debug|Any CPU
		{28947486-3C38-40CA-B719-BC8BB0ADEBD8}.Debug|Any CPU.Build.0 = Debug|Any CPU
		{28947486-3C38-40CA-B719-BC8BB0ADEBD8}.Release|Any CPU.ActiveCfg = Release|Any CPU
		{28947486-3C38-40CA-B719-BC8BB0ADEBD8}.Release|Any CPU.Build.0 = Release|Any CPU
		{EAFCE68B-B0E5-47EE-9907-D18778E948D5}.Debug|Any CPU.ActiveCfg = Debug|Any CPU
		{EAFCE68B-B0E5-47EE-9907-D18778E948D5}.Debug|Any CPU.Build.0 = Debug|Any CPU
		{EAFCE68B-B0E5-47EE-9907-D18778E948D5}.Release|Any CPU.ActiveCfg = Release|Any CPU
		{EAFCE68B-B0E5-47EE-9907-D18778E948D5}.Release|Any CPU.Build.0 = Release|Any CPU
		{136C861D-0758-4A52-9A58-7C88695B3585}.Debug|Any CPU.ActiveCfg = Debug|Any CPU
		{136C861D-0758-4A52-9A58-7C88695B3585}.Debug|Any CPU.Build.0 = Debug|Any CPU
		{136C861D-0758-4A52-9A58-7C88695B3585}.Release|Any CPU.ActiveCfg = Release|Any CPU
		{136C861D-0758-4A52-9A58-7C88695B3585}.Release|Any CPU.Build.0 = Release|Any CPU
		{A83F57B1-446A-4B03-8D54-C5DC0A32285C}.Debug|Any CPU.ActiveCfg = Debug|Any CPU
		{A83F57B1-446A-4B03-8D54-C5DC0A32285C}.Debug|Any CPU.Build.0 = Debug|Any CPU
		{A83F57B1-446A-4B03-8D54-C5DC0A32285C}.Release|Any CPU.ActiveCfg = Release|Any CPU
		{A83F57B1-446A-4B03-8D54-C5DC0A32285C}.Release|Any CPU.Build.0 = Release|Any CPU
		{F7025C14-3CB7-46B8-A552-B578E59D9AFD}.Debug|Any CPU.ActiveCfg = Debug|Any CPU
		{F7025C14-3CB7-46B8-A552-B578E59D9AFD}.Debug|Any CPU.Build.0 = Debug|Any CPU
		{F7025C14-3CB7-46B8-A552-B578E59D9AFD}.Release|Any CPU.ActiveCfg = Release|Any CPU
		{F7025C14-3CB7-46B8-A552-B578E59D9AFD}.Release|Any CPU.Build.0 = Release|Any CPU
		{8810B054-5227-450A-AF3C-122563C09E72}.Debug|Any CPU.ActiveCfg = Debug|Any CPU
		{8810B054-5227-450A-AF3C-122563C09E72}.Debug|Any CPU.Build.0 = Debug|Any CPU
		{8810B054-5227-450A-AF3C-122563C09E72}.Release|Any CPU.ActiveCfg = Release|Any CPU
		{8810B054-5227-450A-AF3C-122563C09E72}.Release|Any CPU.Build.0 = Release|Any CPU
		{E5A761BF-3578-4F30-B2AB-0B3DE4374C24}.Debug|Any CPU.ActiveCfg = Debug|Any CPU
		{E5A761BF-3578-4F30-B2AB-0B3DE4374C24}.Debug|Any CPU.Build.0 = Debug|Any CPU
		{E5A761BF-3578-4F30-B2AB-0B3DE4374C24}.Release|Any CPU.ActiveCfg = Release|Any CPU
		{E5A761BF-3578-4F30-B2AB-0B3DE4374C24}.Release|Any CPU.Build.0 = Release|Any CPU
		{57B20BC3-2372-4F31-8E85-7721C9937378}.Debug|Any CPU.ActiveCfg = Debug|Any CPU
		{57B20BC3-2372-4F31-8E85-7721C9937378}.Debug|Any CPU.Build.0 = Debug|Any CPU
		{57B20BC3-2372-4F31-8E85-7721C9937378}.Release|Any CPU.ActiveCfg = Release|Any CPU
		{57B20BC3-2372-4F31-8E85-7721C9937378}.Release|Any CPU.Build.0 = Release|Any CPU
		{BB0CA257-0359-4572-B496-D87D1BC34539}.Debug|Any CPU.ActiveCfg = Debug|Any CPU
		{BB0CA257-0359-4572-B496-D87D1BC34539}.Debug|Any CPU.Build.0 = Debug|Any CPU
		{BB0CA257-0359-4572-B496-D87D1BC34539}.Release|Any CPU.ActiveCfg = Release|Any CPU
		{BB0CA257-0359-4572-B496-D87D1BC34539}.Release|Any CPU.Build.0 = Release|Any CPU
		{CA4DBED2-2455-40A9-A2F2-03639A08C964}.Debug|Any CPU.ActiveCfg = Debug|Any CPU
		{CA4DBED2-2455-40A9-A2F2-03639A08C964}.Debug|Any CPU.Build.0 = Debug|Any CPU
		{CA4DBED2-2455-40A9-A2F2-03639A08C964}.Release|Any CPU.ActiveCfg = Release|Any CPU
		{CA4DBED2-2455-40A9-A2F2-03639A08C964}.Release|Any CPU.Build.0 = Release|Any CPU
	EndGlobalSection
	GlobalSection(SolutionProperties) = preSolution
		HideSolutionNode = FALSE
	EndGlobalSection
EndGlobal
